
Microsoft Visual Studio Solution File, Format Version 12.00
# Visual Studio Version 17
VisualStudioVersion = 17.1.32414.318
MinimumVisualStudioVersion = 10.0.40219.1
Project("{FAE04EC0-301F-11D3-BF4B-00C04F79EFBC}") = "HamsterWars.Client", "HamsterWars.Client\HamsterWars.Client.csproj", "{AAE0E935-BDCE-4DF9-A0C2-5B496AD5392A}"
EndProject
Project("{FAE04EC0-301F-11D3-BF4B-00C04F79EFBC}") = "Core", "Core\Core.csproj", "{76A614B9-B83E-42B5-9178-3B044A371758}"
EndProject
Project("{FAE04EC0-301F-11D3-BF4B-00C04F79EFBC}") = "HamsterWars.API", "HamsterWars.API\HamsterWars.API.csproj", "{CC6BF543-2577-4644-8B58-5D33ECC6536B}"
EndProject
Project("{FAE04EC0-301F-11D3-BF4B-00C04F79EFBC}") = "HamsterWars.Shared", "HamsterWars.Shared\HamsterWars.Shared.csproj", "{338E3AD6-466B-4D8F-80A3-3A0D79948470}"
EndProject
Project("{FAE04EC0-301F-11D3-BF4B-00C04F79EFBC}") = "Services", "Services\Services.csproj", "{BE5CCB7E-B0BD-4B51-97CC-023C182EE812}"
EndProject
Global
	GlobalSection(SolutionConfigurationPlatforms) = preSolution
		Debug|Any CPU = Debug|Any CPU
		Release|Any CPU = Release|Any CPU
	EndGlobalSection
	GlobalSection(ProjectConfigurationPlatforms) = postSolution
		{AAE0E935-BDCE-4DF9-A0C2-5B496AD5392A}.Debug|Any CPU.ActiveCfg = Debug|Any CPU
		{AAE0E935-BDCE-4DF9-A0C2-5B496AD5392A}.Debug|Any CPU.Build.0 = Debug|Any CPU
		{AAE0E935-BDCE-4DF9-A0C2-5B496AD5392A}.Release|Any CPU.ActiveCfg = Release|Any CPU
		{AAE0E935-BDCE-4DF9-A0C2-5B496AD5392A}.Release|Any CPU.Build.0 = Release|Any CPU
		{76A614B9-B83E-42B5-9178-3B044A371758}.Debug|Any CPU.ActiveCfg = Debug|Any CPU
		{76A614B9-B83E-42B5-9178-3B044A371758}.Debug|Any CPU.Build.0 = Debug|Any CPU
		{76A614B9-B83E-42B5-9178-3B044A371758}.Release|Any CPU.ActiveCfg = Release|Any CPU
		{76A614B9-B83E-42B5-9178-3B044A371758}.Release|Any CPU.Build.0 = Release|Any CPU
		{CC6BF543-2577-4644-8B58-5D33ECC6536B}.Debug|Any CPU.ActiveCfg = Debug|Any CPU
		{CC6BF543-2577-4644-8B58-5D33ECC6536B}.Debug|Any CPU.Build.0 = Debug|Any CPU
		{CC6BF543-2577-4644-8B58-5D33ECC6536B}.Release|Any CPU.ActiveCfg = Release|Any CPU
		{CC6BF543-2577-4644-8B58-5D33ECC6536B}.Release|Any CPU.Build.0 = Release|Any CPU
		{338E3AD6-466B-4D8F-80A3-3A0D79948470}.Debug|Any CPU.ActiveCfg = Debug|Any CPU
		{338E3AD6-466B-4D8F-80A3-3A0D79948470}.Debug|Any CPU.Build.0 = Debug|Any CPU
		{338E3AD6-466B-4D8F-80A3-3A0D79948470}.Release|Any CPU.ActiveCfg = Release|Any CPU
		{338E3AD6-466B-4D8F-80A3-3A0D79948470}.Release|Any CPU.Build.0 = Release|Any CPU
		{BE5CCB7E-B0BD-4B51-97CC-023C182EE812}.Debug|Any CPU.ActiveCfg = Debug|Any CPU
		{BE5CCB7E-B0BD-4B51-97CC-023C182EE812}.Debug|Any CPU.Build.0 = Debug|Any CPU
		{BE5CCB7E-B0BD-4B51-97CC-023C182EE812}.Release|Any CPU.ActiveCfg = Release|Any CPU
		{BE5CCB7E-B0BD-4B51-97CC-023C182EE812}.Release|Any CPU.Build.0 = Release|Any CPU
	EndGlobalSection
	GlobalSection(SolutionProperties) = preSolution
		HideSolutionNode = FALSE
	EndGlobalSection
	GlobalSection(ExtensibilityGlobals) = postSolution
		SolutionGuid = {016BD045-25B3-4579-9B48-B9F8F4DFD67D}
	EndGlobalSection
EndGlobal
